
Microsoft Visual Studio Solution File, Format Version 12.00
# Visual Studio Version 17
VisualStudioVersion = 17.8.34330.188
MinimumVisualStudioVersion = 10.0.40219.1
Project("{FAE04EC0-301F-11D3-BF4B-00C04F79EFBC}") = "Exercicio1113EstruturaRepeticaoEnquanto", "Exercicio1113EstruturaRepeticaoEnquanto\Exercicio1113EstruturaRepeticaoEnquanto.csproj", "{35FDCDB1-FF91-454D-A1FB-27CA575C814F}"
EndProject
Global
	GlobalSection(SolutionConfigurationPlatforms) = preSolution
		Debug|Any CPU = Debug|Any CPU
		Release|Any CPU = Release|Any CPU
	EndGlobalSection
	GlobalSection(ProjectConfigurationPlatforms) = postSolution
		{35FDCDB1-FF91-454D-A1FB-27CA575C814F}.Debug|Any CPU.ActiveCfg = Debug|Any CPU
		{35FDCDB1-FF91-454D-A1FB-27CA575C814F}.Debug|Any CPU.Build.0 = Debug|Any CPU
		{35FDCDB1-FF91-454D-A1FB-27CA575C814F}.Release|Any CPU.ActiveCfg = Release|Any CPU
		{35FDCDB1-FF91-454D-A1FB-27CA575C814F}.Release|Any CPU.Build.0 = Release|Any CPU
	EndGlobalSection
	GlobalSection(SolutionProperties) = preSolution
		HideSolutionNode = FALSE
	EndGlobalSection
	GlobalSection(ExtensibilityGlobals) = postSolution
		SolutionGuid = {3A4EDF98-2163-4C3A-AA25-4BC50050E44F}
	EndGlobalSection
EndGlobal
