
Microsoft Visual Studio Solution File, Format Version 12.00
# Visual Studio Version 17
VisualStudioVersion = 17.8.34330.188
MinimumVisualStudioVersion = 10.0.40219.1
Project("{FAE04EC0-301F-11D3-BF4B-00C04F79EFBC}") = "Exercicio1074EstruturaRepetiva", "Exercicio1074EstruturaRepetiva\Exercicio1074EstruturaRepetiva.csproj", "{F3531FD5-D4D8-40D9-8729-681E7C170FFE}"
EndProject
Global
	GlobalSection(SolutionConfigurationPlatforms) = preSolution
		Debug|Any CPU = Debug|Any CPU
		Release|Any CPU = Release|Any CPU
	EndGlobalSection
	GlobalSection(ProjectConfigurationPlatforms) = postSolution
		{F3531FD5-D4D8-40D9-8729-681E7C170FFE}.Debug|Any CPU.ActiveCfg = Debug|Any CPU
		{F3531FD5-D4D8-40D9-8729-681E7C170FFE}.Debug|Any CPU.Build.0 = Debug|Any CPU
		{F3531FD5-D4D8-40D9-8729-681E7C170FFE}.Release|Any CPU.ActiveCfg = Release|Any CPU
		{F3531FD5-D4D8-40D9-8729-681E7C170FFE}.Release|Any CPU.Build.0 = Release|Any CPU
	EndGlobalSection
	GlobalSection(SolutionProperties) = preSolution
		HideSolutionNode = FALSE
	EndGlobalSection
	GlobalSection(ExtensibilityGlobals) = postSolution
		SolutionGuid = {80080ABB-A2CC-4BEC-8625-FF18D9FD81CA}
	EndGlobalSection
EndGlobal
