
Microsoft Visual Studio Solution File, Format Version 12.00
# Visual Studio Version 17
VisualStudioVersion = 17.8.34330.188
MinimumVisualStudioVersion = 10.0.40219.1
Project("{FAE04EC0-301F-11D3-BF4B-00C04F79EFBC}") = "Exercicio1047EstruturaCondicional", "Exercicio1047EstruturaCondicional\Exercicio1047EstruturaCondicional.csproj", "{455C03E7-CC4C-4A3B-9510-745A1F8B8BAC}"
EndProject
Global
	GlobalSection(SolutionConfigurationPlatforms) = preSolution
		Debug|Any CPU = Debug|Any CPU
		Release|Any CPU = Release|Any CPU
	EndGlobalSection
	GlobalSection(ProjectConfigurationPlatforms) = postSolution
		{455C03E7-CC4C-4A3B-9510-745A1F8B8BAC}.Debug|Any CPU.ActiveCfg = Debug|Any CPU
		{455C03E7-CC4C-4A3B-9510-745A1F8B8BAC}.Debug|Any CPU.Build.0 = Debug|Any CPU
		{455C03E7-CC4C-4A3B-9510-745A1F8B8BAC}.Release|Any CPU.ActiveCfg = Release|Any CPU
		{455C03E7-CC4C-4A3B-9510-745A1F8B8BAC}.Release|Any CPU.Build.0 = Release|Any CPU
	EndGlobalSection
	GlobalSection(SolutionProperties) = preSolution
		HideSolutionNode = FALSE
	EndGlobalSection
	GlobalSection(ExtensibilityGlobals) = postSolution
		SolutionGuid = {3C9E6B75-F009-442E-B104-2B3296CA1642}
	EndGlobalSection
EndGlobal
