
Microsoft Visual Studio Solution File, Format Version 12.00
# Visual Studio Version 17
VisualStudioVersion = 17.8.34330.188
MinimumVisualStudioVersion = 10.0.40219.1
Project("{FAE04EC0-301F-11D3-BF4B-00C04F79EFBC}") = "Exercicio1080EstruturaRepetiva", "Exercicio1080EstruturaRepetiva\Exercicio1080EstruturaRepetiva.csproj", "{53C91927-34C9-4D24-BD2E-8AAB3AEFF0CF}"
EndProject
Global
	GlobalSection(SolutionConfigurationPlatforms) = preSolution
		Debug|Any CPU = Debug|Any CPU
		Release|Any CPU = Release|Any CPU
	EndGlobalSection
	GlobalSection(ProjectConfigurationPlatforms) = postSolution
		{53C91927-34C9-4D24-BD2E-8AAB3AEFF0CF}.Debug|Any CPU.ActiveCfg = Debug|Any CPU
		{53C91927-34C9-4D24-BD2E-8AAB3AEFF0CF}.Debug|Any CPU.Build.0 = Debug|Any CPU
		{53C91927-34C9-4D24-BD2E-8AAB3AEFF0CF}.Release|Any CPU.ActiveCfg = Release|Any CPU
		{53C91927-34C9-4D24-BD2E-8AAB3AEFF0CF}.Release|Any CPU.Build.0 = Release|Any CPU
	EndGlobalSection
	GlobalSection(SolutionProperties) = preSolution
		HideSolutionNode = FALSE
	EndGlobalSection
	GlobalSection(ExtensibilityGlobals) = postSolution
		SolutionGuid = {42C55087-37B6-45A4-9FD6-F478EAE87C98}
	EndGlobalSection
EndGlobal
