
Microsoft Visual Studio Solution File, Format Version 12.00
# Visual Studio Version 17
VisualStudioVersion = 17.8.34330.188
MinimumVisualStudioVersion = 10.0.40219.1
Project("{FAE04EC0-301F-11D3-BF4B-00C04F79EFBC}") = "Exercicio1051EstruturaCondicional", "Exercicio1051EstruturaCondicional\Exercicio1051EstruturaCondicional.csproj", "{6FF2F4E0-3858-4ABD-9790-CF33A5D1A086}"
EndProject
Global
	GlobalSection(SolutionConfigurationPlatforms) = preSolution
		Debug|Any CPU = Debug|Any CPU
		Release|Any CPU = Release|Any CPU
	EndGlobalSection
	GlobalSection(ProjectConfigurationPlatforms) = postSolution
		{6FF2F4E0-3858-4ABD-9790-CF33A5D1A086}.Debug|Any CPU.ActiveCfg = Debug|Any CPU
		{6FF2F4E0-3858-4ABD-9790-CF33A5D1A086}.Debug|Any CPU.Build.0 = Debug|Any CPU
		{6FF2F4E0-3858-4ABD-9790-CF33A5D1A086}.Release|Any CPU.ActiveCfg = Release|Any CPU
		{6FF2F4E0-3858-4ABD-9790-CF33A5D1A086}.Release|Any CPU.Build.0 = Release|Any CPU
	EndGlobalSection
	GlobalSection(SolutionProperties) = preSolution
		HideSolutionNode = FALSE
	EndGlobalSection
	GlobalSection(ExtensibilityGlobals) = postSolution
		SolutionGuid = {1440748A-99F0-4C5A-A690-9CB34AF92130}
	EndGlobalSection
EndGlobal
