
Microsoft Visual Studio Solution File, Format Version 12.00
# Visual Studio Version 17
VisualStudioVersion = 17.8.34330.188
MinimumVisualStudioVersion = 10.0.40219.1
Project("{FAE04EC0-301F-11D3-BF4B-00C04F79EFBC}") = "Exercicio1142EstruturaRepetitiva", "Exercicio1142EstruturaRepetitiva\Exercicio1142EstruturaRepetitiva.csproj", "{614CC5F2-AF26-43E4-94F2-6CF3F84E1FBA}"
EndProject
Global
	GlobalSection(SolutionConfigurationPlatforms) = preSolution
		Debug|Any CPU = Debug|Any CPU
		Release|Any CPU = Release|Any CPU
	EndGlobalSection
	GlobalSection(ProjectConfigurationPlatforms) = postSolution
		{614CC5F2-AF26-43E4-94F2-6CF3F84E1FBA}.Debug|Any CPU.ActiveCfg = Debug|Any CPU
		{614CC5F2-AF26-43E4-94F2-6CF3F84E1FBA}.Debug|Any CPU.Build.0 = Debug|Any CPU
		{614CC5F2-AF26-43E4-94F2-6CF3F84E1FBA}.Release|Any CPU.ActiveCfg = Release|Any CPU
		{614CC5F2-AF26-43E4-94F2-6CF3F84E1FBA}.Release|Any CPU.Build.0 = Release|Any CPU
	EndGlobalSection
	GlobalSection(SolutionProperties) = preSolution
		HideSolutionNode = FALSE
	EndGlobalSection
	GlobalSection(ExtensibilityGlobals) = postSolution
		SolutionGuid = {B88CF3B4-C740-4D61-BFB7-67AB6A29E379}
	EndGlobalSection
EndGlobal
