
Microsoft Visual Studio Solution File, Format Version 12.00
# Visual Studio Version 17
VisualStudioVersion = 17.8.34330.188
MinimumVisualStudioVersion = 10.0.40219.1
Project("{FAE04EC0-301F-11D3-BF4B-00C04F79EFBC}") = "ExercicioResolvido3", "ExercicioResolvido3\ExercicioResolvido3.csproj", "{C6DD0B50-F717-45B8-A0B5-2AE8766D8964}"
EndProject
Global
	GlobalSection(SolutionConfigurationPlatforms) = preSolution
		Debug|Any CPU = Debug|Any CPU
		Release|Any CPU = Release|Any CPU
	EndGlobalSection
	GlobalSection(ProjectConfigurationPlatforms) = postSolution
		{C6DD0B50-F717-45B8-A0B5-2AE8766D8964}.Debug|Any CPU.ActiveCfg = Debug|Any CPU
		{C6DD0B50-F717-45B8-A0B5-2AE8766D8964}.Debug|Any CPU.Build.0 = Debug|Any CPU
		{C6DD0B50-F717-45B8-A0B5-2AE8766D8964}.Release|Any CPU.ActiveCfg = Release|Any CPU
		{C6DD0B50-F717-45B8-A0B5-2AE8766D8964}.Release|Any CPU.Build.0 = Release|Any CPU
	EndGlobalSection
	GlobalSection(SolutionProperties) = preSolution
		HideSolutionNode = FALSE
	EndGlobalSection
	GlobalSection(ExtensibilityGlobals) = postSolution
		SolutionGuid = {4D3D4381-2420-425C-B8CA-6099A5F8DD5D}
	EndGlobalSection
EndGlobal
