
Microsoft Visual Studio Solution File, Format Version 12.00
# Visual Studio Version 17
VisualStudioVersion = 17.8.34330.188
MinimumVisualStudioVersion = 10.0.40219.1
Project("{FAE04EC0-301F-11D3-BF4B-00C04F79EFBC}") = "ExercicioResolvidoVetor01", "ExercicioResolvidoVetor01\ExercicioResolvidoVetor01.csproj", "{23E6A2D4-7C85-4287-8175-0B9363921F06}"
EndProject
Global
	GlobalSection(SolutionConfigurationPlatforms) = preSolution
		Debug|Any CPU = Debug|Any CPU
		Release|Any CPU = Release|Any CPU
	EndGlobalSection
	GlobalSection(ProjectConfigurationPlatforms) = postSolution
		{23E6A2D4-7C85-4287-8175-0B9363921F06}.Debug|Any CPU.ActiveCfg = Debug|Any CPU
		{23E6A2D4-7C85-4287-8175-0B9363921F06}.Debug|Any CPU.Build.0 = Debug|Any CPU
		{23E6A2D4-7C85-4287-8175-0B9363921F06}.Release|Any CPU.ActiveCfg = Release|Any CPU
		{23E6A2D4-7C85-4287-8175-0B9363921F06}.Release|Any CPU.Build.0 = Release|Any CPU
	EndGlobalSection
	GlobalSection(SolutionProperties) = preSolution
		HideSolutionNode = FALSE
	EndGlobalSection
	GlobalSection(ExtensibilityGlobals) = postSolution
		SolutionGuid = {2CD5890D-EED8-4B55-BFEC-C93BB8C1E3B0}
	EndGlobalSection
EndGlobal
