
Microsoft Visual Studio Solution File, Format Version 12.00
# Visual Studio Version 17
VisualStudioVersion = 17.8.34330.188
MinimumVisualStudioVersion = 10.0.40219.1
Project("{FAE04EC0-301F-11D3-BF4B-00C04F79EFBC}") = "Exercicio1132EstruturaRepeticao", "Exercicio1132EstruturaRepeticao\Exercicio1132EstruturaRepeticao.csproj", "{8FB55F50-BBD9-458C-ADA2-85C70E40A7EB}"
EndProject
Global
	GlobalSection(SolutionConfigurationPlatforms) = preSolution
		Debug|Any CPU = Debug|Any CPU
		Release|Any CPU = Release|Any CPU
	EndGlobalSection
	GlobalSection(ProjectConfigurationPlatforms) = postSolution
		{8FB55F50-BBD9-458C-ADA2-85C70E40A7EB}.Debug|Any CPU.ActiveCfg = Debug|Any CPU
		{8FB55F50-BBD9-458C-ADA2-85C70E40A7EB}.Debug|Any CPU.Build.0 = Debug|Any CPU
		{8FB55F50-BBD9-458C-ADA2-85C70E40A7EB}.Release|Any CPU.ActiveCfg = Release|Any CPU
		{8FB55F50-BBD9-458C-ADA2-85C70E40A7EB}.Release|Any CPU.Build.0 = Release|Any CPU
	EndGlobalSection
	GlobalSection(SolutionProperties) = preSolution
		HideSolutionNode = FALSE
	EndGlobalSection
	GlobalSection(ExtensibilityGlobals) = postSolution
		SolutionGuid = {30E0EE0D-1B55-4C58-98BC-8FF51DE9BE81}
	EndGlobalSection
EndGlobal
