
Microsoft Visual Studio Solution File, Format Version 12.00
# Visual Studio Version 17
VisualStudioVersion = 17.8.34330.188
MinimumVisualStudioVersion = 10.0.40219.1
Project("{FAE04EC0-301F-11D3-BF4B-00C04F79EFBC}") = "Exercicio1012", "Exercicio1012\Exercicio1012.csproj", "{D9CC1CBA-997D-4CE3-8B4B-E52CBAA39356}"
EndProject
Global
	GlobalSection(SolutionConfigurationPlatforms) = preSolution
		Debug|Any CPU = Debug|Any CPU
		Release|Any CPU = Release|Any CPU
	EndGlobalSection
	GlobalSection(ProjectConfigurationPlatforms) = postSolution
		{D9CC1CBA-997D-4CE3-8B4B-E52CBAA39356}.Debug|Any CPU.ActiveCfg = Debug|Any CPU
		{D9CC1CBA-997D-4CE3-8B4B-E52CBAA39356}.Debug|Any CPU.Build.0 = Debug|Any CPU
		{D9CC1CBA-997D-4CE3-8B4B-E52CBAA39356}.Release|Any CPU.ActiveCfg = Release|Any CPU
		{D9CC1CBA-997D-4CE3-8B4B-E52CBAA39356}.Release|Any CPU.Build.0 = Release|Any CPU
	EndGlobalSection
	GlobalSection(SolutionProperties) = preSolution
		HideSolutionNode = FALSE
	EndGlobalSection
	GlobalSection(ExtensibilityGlobals) = postSolution
		SolutionGuid = {5944FFC8-E5FE-491B-8321-F9A7FFF4370E}
	EndGlobalSection
EndGlobal
