
Microsoft Visual Studio Solution File, Format Version 12.00
# Visual Studio Version 17
VisualStudioVersion = 17.8.34330.188
MinimumVisualStudioVersion = 10.0.40219.1
Project("{FAE04EC0-301F-11D3-BF4B-00C04F79EFBC}") = "Exercicio1007", "Exercicio1007\Exercicio1007.csproj", "{3D0F1947-D668-40C2-A97D-AAA1FA46F7E3}"
EndProject
Global
	GlobalSection(SolutionConfigurationPlatforms) = preSolution
		Debug|Any CPU = Debug|Any CPU
		Release|Any CPU = Release|Any CPU
	EndGlobalSection
	GlobalSection(ProjectConfigurationPlatforms) = postSolution
		{3D0F1947-D668-40C2-A97D-AAA1FA46F7E3}.Debug|Any CPU.ActiveCfg = Debug|Any CPU
		{3D0F1947-D668-40C2-A97D-AAA1FA46F7E3}.Debug|Any CPU.Build.0 = Debug|Any CPU
		{3D0F1947-D668-40C2-A97D-AAA1FA46F7E3}.Release|Any CPU.ActiveCfg = Release|Any CPU
		{3D0F1947-D668-40C2-A97D-AAA1FA46F7E3}.Release|Any CPU.Build.0 = Release|Any CPU
	EndGlobalSection
	GlobalSection(SolutionProperties) = preSolution
		HideSolutionNode = FALSE
	EndGlobalSection
	GlobalSection(ExtensibilityGlobals) = postSolution
		SolutionGuid = {44AE468A-A103-4D01-93F1-9A068B457CF1}
	EndGlobalSection
EndGlobal
