
Microsoft Visual Studio Solution File, Format Version 12.00
# Visual Studio Version 17
VisualStudioVersion = 17.8.34330.188
MinimumVisualStudioVersion = 10.0.40219.1
Project("{FAE04EC0-301F-11D3-BF4B-00C04F79EFBC}") = "IntroducaoVetores", "IntroducaoVetores\IntroducaoVetores.csproj", "{89144823-0B5A-44CC-ABFB-922C34C64A92}"
EndProject
Global
	GlobalSection(SolutionConfigurationPlatforms) = preSolution
		Debug|Any CPU = Debug|Any CPU
		Release|Any CPU = Release|Any CPU
	EndGlobalSection
	GlobalSection(ProjectConfigurationPlatforms) = postSolution
		{89144823-0B5A-44CC-ABFB-922C34C64A92}.Debug|Any CPU.ActiveCfg = Debug|Any CPU
		{89144823-0B5A-44CC-ABFB-922C34C64A92}.Debug|Any CPU.Build.0 = Debug|Any CPU
		{89144823-0B5A-44CC-ABFB-922C34C64A92}.Release|Any CPU.ActiveCfg = Release|Any CPU
		{89144823-0B5A-44CC-ABFB-922C34C64A92}.Release|Any CPU.Build.0 = Release|Any CPU
	EndGlobalSection
	GlobalSection(SolutionProperties) = preSolution
		HideSolutionNode = FALSE
	EndGlobalSection
	GlobalSection(ExtensibilityGlobals) = postSolution
		SolutionGuid = {352C28DA-F081-4AE1-8FBD-1DE84BCF91D2}
	EndGlobalSection
EndGlobal
