
Microsoft Visual Studio Solution File, Format Version 12.00
# Visual Studio Version 17
VisualStudioVersion = 17.8.34330.188
MinimumVisualStudioVersion = 10.0.40219.1
Project("{FAE04EC0-301F-11D3-BF4B-00C04F79EFBC}") = "Exercicio1143EstruturaRepetitiva", "Exercicio1143EstruturaRepetitiva\Exercicio1143EstruturaRepetitiva.csproj", "{3D987B9B-4272-430B-89FF-C7DE040206A7}"
EndProject
Global
	GlobalSection(SolutionConfigurationPlatforms) = preSolution
		Debug|Any CPU = Debug|Any CPU
		Release|Any CPU = Release|Any CPU
	EndGlobalSection
	GlobalSection(ProjectConfigurationPlatforms) = postSolution
		{3D987B9B-4272-430B-89FF-C7DE040206A7}.Debug|Any CPU.ActiveCfg = Debug|Any CPU
		{3D987B9B-4272-430B-89FF-C7DE040206A7}.Debug|Any CPU.Build.0 = Debug|Any CPU
		{3D987B9B-4272-430B-89FF-C7DE040206A7}.Release|Any CPU.ActiveCfg = Release|Any CPU
		{3D987B9B-4272-430B-89FF-C7DE040206A7}.Release|Any CPU.Build.0 = Release|Any CPU
	EndGlobalSection
	GlobalSection(SolutionProperties) = preSolution
		HideSolutionNode = FALSE
	EndGlobalSection
	GlobalSection(ExtensibilityGlobals) = postSolution
		SolutionGuid = {1A8D4859-0D85-4800-8F3C-DE3C1059059E}
	EndGlobalSection
EndGlobal
