
Microsoft Visual Studio Solution File, Format Version 12.00
# Visual Studio Version 17
VisualStudioVersion = 17.8.34330.188
MinimumVisualStudioVersion = 10.0.40219.1
Project("{FAE04EC0-301F-11D3-BF4B-00C04F79EFBC}") = "Exercicio1035EstruturaCondicional", "Exercicio1035EstruturaCondicional\Exercicio1035EstruturaCondicional.csproj", "{310D0E3F-3048-45D4-ABD6-D273205B3B8A}"
EndProject
Global
	GlobalSection(SolutionConfigurationPlatforms) = preSolution
		Debug|Any CPU = Debug|Any CPU
		Release|Any CPU = Release|Any CPU
	EndGlobalSection
	GlobalSection(ProjectConfigurationPlatforms) = postSolution
		{310D0E3F-3048-45D4-ABD6-D273205B3B8A}.Debug|Any CPU.ActiveCfg = Debug|Any CPU
		{310D0E3F-3048-45D4-ABD6-D273205B3B8A}.Debug|Any CPU.Build.0 = Debug|Any CPU
		{310D0E3F-3048-45D4-ABD6-D273205B3B8A}.Release|Any CPU.ActiveCfg = Release|Any CPU
		{310D0E3F-3048-45D4-ABD6-D273205B3B8A}.Release|Any CPU.Build.0 = Release|Any CPU
	EndGlobalSection
	GlobalSection(SolutionProperties) = preSolution
		HideSolutionNode = FALSE
	EndGlobalSection
	GlobalSection(ExtensibilityGlobals) = postSolution
		SolutionGuid = {99F8DBEC-BF2C-49B0-ABE5-FD5707A74D14}
	EndGlobalSection
EndGlobal
