
Microsoft Visual Studio Solution File, Format Version 12.00
# Visual Studio Version 17
VisualStudioVersion = 17.8.34330.188
MinimumVisualStudioVersion = 10.0.40219.1
Project("{FAE04EC0-301F-11D3-BF4B-00C04F79EFBC}") = "Exercicio1013", "Exercicio1013\Exercicio1013.csproj", "{EAF925B7-5430-4000-8617-20F488BDBF05}"
EndProject
Global
	GlobalSection(SolutionConfigurationPlatforms) = preSolution
		Debug|Any CPU = Debug|Any CPU
		Release|Any CPU = Release|Any CPU
	EndGlobalSection
	GlobalSection(ProjectConfigurationPlatforms) = postSolution
		{EAF925B7-5430-4000-8617-20F488BDBF05}.Debug|Any CPU.ActiveCfg = Debug|Any CPU
		{EAF925B7-5430-4000-8617-20F488BDBF05}.Debug|Any CPU.Build.0 = Debug|Any CPU
		{EAF925B7-5430-4000-8617-20F488BDBF05}.Release|Any CPU.ActiveCfg = Release|Any CPU
		{EAF925B7-5430-4000-8617-20F488BDBF05}.Release|Any CPU.Build.0 = Release|Any CPU
	EndGlobalSection
	GlobalSection(SolutionProperties) = preSolution
		HideSolutionNode = FALSE
	EndGlobalSection
	GlobalSection(ExtensibilityGlobals) = postSolution
		SolutionGuid = {7451914E-B4B7-4D26-AE83-81F77D607D6D}
	EndGlobalSection
EndGlobal
