
Microsoft Visual Studio Solution File, Format Version 12.00
# Visual Studio Version 17
VisualStudioVersion = 17.8.34330.188
MinimumVisualStudioVersion = 10.0.40219.1
Project("{FAE04EC0-301F-11D3-BF4B-00C04F79EFBC}") = "ExercicioResolvido03EstruturaCondicional", "ExercicioResolvido03EstruturaCondicional\ExercicioResolvido03EstruturaCondicional.csproj", "{3D3536A9-BAC2-46BE-AB35-2A37601FBF84}"
EndProject
Global
	GlobalSection(SolutionConfigurationPlatforms) = preSolution
		Debug|Any CPU = Debug|Any CPU
		Release|Any CPU = Release|Any CPU
	EndGlobalSection
	GlobalSection(ProjectConfigurationPlatforms) = postSolution
		{3D3536A9-BAC2-46BE-AB35-2A37601FBF84}.Debug|Any CPU.ActiveCfg = Debug|Any CPU
		{3D3536A9-BAC2-46BE-AB35-2A37601FBF84}.Debug|Any CPU.Build.0 = Debug|Any CPU
		{3D3536A9-BAC2-46BE-AB35-2A37601FBF84}.Release|Any CPU.ActiveCfg = Release|Any CPU
		{3D3536A9-BAC2-46BE-AB35-2A37601FBF84}.Release|Any CPU.Build.0 = Release|Any CPU
	EndGlobalSection
	GlobalSection(SolutionProperties) = preSolution
		HideSolutionNode = FALSE
	EndGlobalSection
	GlobalSection(ExtensibilityGlobals) = postSolution
		SolutionGuid = {C0621999-6B0E-42F8-BDF8-0028833F7739}
	EndGlobalSection
EndGlobal
