
Microsoft Visual Studio Solution File, Format Version 12.00
# Visual Studio Version 17
VisualStudioVersion = 17.8.34330.188
MinimumVisualStudioVersion = 10.0.40219.1
Project("{FAE04EC0-301F-11D3-BF4B-00C04F79EFBC}") = "Exercicio1118EstruturaRepetitiva", "Exercicio1118EstruturaRepetitiva\Exercicio1118EstruturaRepetitiva.csproj", "{C6943256-3712-44F6-9C12-BE921302D2DD}"
EndProject
Global
	GlobalSection(SolutionConfigurationPlatforms) = preSolution
		Debug|Any CPU = Debug|Any CPU
		Release|Any CPU = Release|Any CPU
	EndGlobalSection
	GlobalSection(ProjectConfigurationPlatforms) = postSolution
		{C6943256-3712-44F6-9C12-BE921302D2DD}.Debug|Any CPU.ActiveCfg = Debug|Any CPU
		{C6943256-3712-44F6-9C12-BE921302D2DD}.Debug|Any CPU.Build.0 = Debug|Any CPU
		{C6943256-3712-44F6-9C12-BE921302D2DD}.Release|Any CPU.ActiveCfg = Release|Any CPU
		{C6943256-3712-44F6-9C12-BE921302D2DD}.Release|Any CPU.Build.0 = Release|Any CPU
	EndGlobalSection
	GlobalSection(SolutionProperties) = preSolution
		HideSolutionNode = FALSE
	EndGlobalSection
	GlobalSection(ExtensibilityGlobals) = postSolution
		SolutionGuid = {1AB08B27-5EAB-49B0-876E-9D2A91D9743F}
	EndGlobalSection
EndGlobal
