
Microsoft Visual Studio Solution File, Format Version 12.00
# Visual Studio Version 17
VisualStudioVersion = 17.8.34330.188
MinimumVisualStudioVersion = 10.0.40219.1
Project("{FAE04EC0-301F-11D3-BF4B-00C04F79EFBC}") = "Exercicio1052EstruturaCondicional", "Exercicio1052EstruturaCondicional\Exercicio1052EstruturaCondicional.csproj", "{BBC958C1-0624-4DC3-BAD2-DF5E85A24A2D}"
EndProject
Global
	GlobalSection(SolutionConfigurationPlatforms) = preSolution
		Debug|Any CPU = Debug|Any CPU
		Release|Any CPU = Release|Any CPU
	EndGlobalSection
	GlobalSection(ProjectConfigurationPlatforms) = postSolution
		{BBC958C1-0624-4DC3-BAD2-DF5E85A24A2D}.Debug|Any CPU.ActiveCfg = Debug|Any CPU
		{BBC958C1-0624-4DC3-BAD2-DF5E85A24A2D}.Debug|Any CPU.Build.0 = Debug|Any CPU
		{BBC958C1-0624-4DC3-BAD2-DF5E85A24A2D}.Release|Any CPU.ActiveCfg = Release|Any CPU
		{BBC958C1-0624-4DC3-BAD2-DF5E85A24A2D}.Release|Any CPU.Build.0 = Release|Any CPU
	EndGlobalSection
	GlobalSection(SolutionProperties) = preSolution
		HideSolutionNode = FALSE
	EndGlobalSection
	GlobalSection(ExtensibilityGlobals) = postSolution
		SolutionGuid = {53FEC1BC-B24D-4E43-BF09-6F1B0E056EA0}
	EndGlobalSection
EndGlobal
