
Microsoft Visual Studio Solution File, Format Version 12.00
# Visual Studio Version 17
VisualStudioVersion = 17.8.34330.188
MinimumVisualStudioVersion = 10.0.40219.1
Project("{FAE04EC0-301F-11D3-BF4B-00C04F79EFBC}") = "ExercicioResolvido2", "ExercicioResolvido2\ExercicioResolvido2.csproj", "{7456C34F-EA98-4FF5-9AD8-ABC431565DDA}"
EndProject
Global
	GlobalSection(SolutionConfigurationPlatforms) = preSolution
		Debug|Any CPU = Debug|Any CPU
		Release|Any CPU = Release|Any CPU
	EndGlobalSection
	GlobalSection(ProjectConfigurationPlatforms) = postSolution
		{7456C34F-EA98-4FF5-9AD8-ABC431565DDA}.Debug|Any CPU.ActiveCfg = Debug|Any CPU
		{7456C34F-EA98-4FF5-9AD8-ABC431565DDA}.Debug|Any CPU.Build.0 = Debug|Any CPU
		{7456C34F-EA98-4FF5-9AD8-ABC431565DDA}.Release|Any CPU.ActiveCfg = Release|Any CPU
		{7456C34F-EA98-4FF5-9AD8-ABC431565DDA}.Release|Any CPU.Build.0 = Release|Any CPU
	EndGlobalSection
	GlobalSection(SolutionProperties) = preSolution
		HideSolutionNode = FALSE
	EndGlobalSection
	GlobalSection(ExtensibilityGlobals) = postSolution
		SolutionGuid = {8F7938C5-60E6-4A25-B701-B8A407957475}
	EndGlobalSection
EndGlobal
