
Microsoft Visual Studio Solution File, Format Version 12.00
# Visual Studio Version 17
VisualStudioVersion = 17.8.34330.188
MinimumVisualStudioVersion = 10.0.40219.1
Project("{FAE04EC0-301F-11D3-BF4B-00C04F79EFBC}") = "Exerciocio1131EstruturaRepetitiva", "Exerciocio1131EstruturaRepetitiva\Exerciocio1131EstruturaRepetitiva.csproj", "{1A20DAB1-61A8-42DD-BAD0-0A2C53A024AA}"
EndProject
Global
	GlobalSection(SolutionConfigurationPlatforms) = preSolution
		Debug|Any CPU = Debug|Any CPU
		Release|Any CPU = Release|Any CPU
	EndGlobalSection
	GlobalSection(ProjectConfigurationPlatforms) = postSolution
		{1A20DAB1-61A8-42DD-BAD0-0A2C53A024AA}.Debug|Any CPU.ActiveCfg = Debug|Any CPU
		{1A20DAB1-61A8-42DD-BAD0-0A2C53A024AA}.Debug|Any CPU.Build.0 = Debug|Any CPU
		{1A20DAB1-61A8-42DD-BAD0-0A2C53A024AA}.Release|Any CPU.ActiveCfg = Release|Any CPU
		{1A20DAB1-61A8-42DD-BAD0-0A2C53A024AA}.Release|Any CPU.Build.0 = Release|Any CPU
	EndGlobalSection
	GlobalSection(SolutionProperties) = preSolution
		HideSolutionNode = FALSE
	EndGlobalSection
	GlobalSection(ExtensibilityGlobals) = postSolution
		SolutionGuid = {2490DCC5-FF3F-4EA4-BCE8-5F5DB90972D0}
	EndGlobalSection
EndGlobal
