
Microsoft Visual Studio Solution File, Format Version 12.00
# Visual Studio Version 17
VisualStudioVersion = 17.8.34330.188
MinimumVisualStudioVersion = 10.0.40219.1
Project("{FAE04EC0-301F-11D3-BF4B-00C04F79EFBC}") = "ExercicioProposto09Vetor", "ExercicioProposto09Vetor\ExercicioProposto09Vetor.csproj", "{BF1AA830-8FC0-44D2-A9B2-DF30E4932993}"
EndProject
Global
	GlobalSection(SolutionConfigurationPlatforms) = preSolution
		Debug|Any CPU = Debug|Any CPU
		Release|Any CPU = Release|Any CPU
	EndGlobalSection
	GlobalSection(ProjectConfigurationPlatforms) = postSolution
		{BF1AA830-8FC0-44D2-A9B2-DF30E4932993}.Debug|Any CPU.ActiveCfg = Debug|Any CPU
		{BF1AA830-8FC0-44D2-A9B2-DF30E4932993}.Debug|Any CPU.Build.0 = Debug|Any CPU
		{BF1AA830-8FC0-44D2-A9B2-DF30E4932993}.Release|Any CPU.ActiveCfg = Release|Any CPU
		{BF1AA830-8FC0-44D2-A9B2-DF30E4932993}.Release|Any CPU.Build.0 = Release|Any CPU
	EndGlobalSection
	GlobalSection(SolutionProperties) = preSolution
		HideSolutionNode = FALSE
	EndGlobalSection
	GlobalSection(ExtensibilityGlobals) = postSolution
		SolutionGuid = {79F0DFF8-80CC-4C41-995D-79D1AC21566F}
	EndGlobalSection
EndGlobal
