
Microsoft Visual Studio Solution File, Format Version 12.00
# Visual Studio Version 17
VisualStudioVersion = 17.8.34330.188
MinimumVisualStudioVersion = 10.0.40219.1
Project("{FAE04EC0-301F-11D3-BF4B-00C04F79EFBC}") = "PrimeiroProjeto", "PrimeiroProjeto\PrimeiroProjeto.csproj", "{B141D19A-9DD1-46A4-9919-9FEB18B8BB7F}"
EndProject
Global
	GlobalSection(SolutionConfigurationPlatforms) = preSolution
		Debug|Any CPU = Debug|Any CPU
		Release|Any CPU = Release|Any CPU
	EndGlobalSection
	GlobalSection(ProjectConfigurationPlatforms) = postSolution
		{B141D19A-9DD1-46A4-9919-9FEB18B8BB7F}.Debug|Any CPU.ActiveCfg = Debug|Any CPU
		{B141D19A-9DD1-46A4-9919-9FEB18B8BB7F}.Debug|Any CPU.Build.0 = Debug|Any CPU
		{B141D19A-9DD1-46A4-9919-9FEB18B8BB7F}.Release|Any CPU.ActiveCfg = Release|Any CPU
		{B141D19A-9DD1-46A4-9919-9FEB18B8BB7F}.Release|Any CPU.Build.0 = Release|Any CPU
	EndGlobalSection
	GlobalSection(SolutionProperties) = preSolution
		HideSolutionNode = FALSE
	EndGlobalSection
	GlobalSection(ExtensibilityGlobals) = postSolution
		SolutionGuid = {E9175F9F-1517-46B3-961B-19ECBBFB234E}
	EndGlobalSection
EndGlobal
