
Microsoft Visual Studio Solution File, Format Version 12.00
# Visual Studio Version 17
VisualStudioVersion = 17.8.34330.188
MinimumVisualStudioVersion = 10.0.40219.1
Project("{FAE04EC0-301F-11D3-BF4B-00C04F79EFBC}") = "Exercicio1043EstruturaCondicional", "Exercicio1043EstruturaCondicional\Exercicio1043EstruturaCondicional.csproj", "{97C0D9D5-95E6-4660-950B-24FE8FFCED07}"
EndProject
Global
	GlobalSection(SolutionConfigurationPlatforms) = preSolution
		Debug|Any CPU = Debug|Any CPU
		Release|Any CPU = Release|Any CPU
	EndGlobalSection
	GlobalSection(ProjectConfigurationPlatforms) = postSolution
		{97C0D9D5-95E6-4660-950B-24FE8FFCED07}.Debug|Any CPU.ActiveCfg = Debug|Any CPU
		{97C0D9D5-95E6-4660-950B-24FE8FFCED07}.Debug|Any CPU.Build.0 = Debug|Any CPU
		{97C0D9D5-95E6-4660-950B-24FE8FFCED07}.Release|Any CPU.ActiveCfg = Release|Any CPU
		{97C0D9D5-95E6-4660-950B-24FE8FFCED07}.Release|Any CPU.Build.0 = Release|Any CPU
	EndGlobalSection
	GlobalSection(SolutionProperties) = preSolution
		HideSolutionNode = FALSE
	EndGlobalSection
	GlobalSection(ExtensibilityGlobals) = postSolution
		SolutionGuid = {66672180-1A35-4A94-8B60-3FEFACC36DA1}
	EndGlobalSection
EndGlobal
