
Microsoft Visual Studio Solution File, Format Version 12.00
# Visual Studio Version 17
VisualStudioVersion = 17.8.34330.188
MinimumVisualStudioVersion = 10.0.40219.1
Project("{FAE04EC0-301F-11D3-BF4B-00C04F79EFBC}") = "EstruturaRepetitivaFOR", "EstruturaRepetitivaFOR\EstruturaRepetitivaFOR.csproj", "{2BBE3F8E-F8C1-4170-9A61-32C31775DECA}"
EndProject
Global
	GlobalSection(SolutionConfigurationPlatforms) = preSolution
		Debug|Any CPU = Debug|Any CPU
		Release|Any CPU = Release|Any CPU
	EndGlobalSection
	GlobalSection(ProjectConfigurationPlatforms) = postSolution
		{2BBE3F8E-F8C1-4170-9A61-32C31775DECA}.Debug|Any CPU.ActiveCfg = Debug|Any CPU
		{2BBE3F8E-F8C1-4170-9A61-32C31775DECA}.Debug|Any CPU.Build.0 = Debug|Any CPU
		{2BBE3F8E-F8C1-4170-9A61-32C31775DECA}.Release|Any CPU.ActiveCfg = Release|Any CPU
		{2BBE3F8E-F8C1-4170-9A61-32C31775DECA}.Release|Any CPU.Build.0 = Release|Any CPU
	EndGlobalSection
	GlobalSection(SolutionProperties) = preSolution
		HideSolutionNode = FALSE
	EndGlobalSection
	GlobalSection(ExtensibilityGlobals) = postSolution
		SolutionGuid = {6FAA89AC-1A61-4F9B-9DC2-7AEC2ABB3D9D}
	EndGlobalSection
EndGlobal
